
Microsoft Visual Studio Solution File, Format Version 12.00
# Visual Studio Version 17
VisualStudioVersion = 17.5.33424.131
MinimumVisualStudioVersion = 10.0.40219.1
Project("{FAE04EC0-301F-11D3-BF4B-00C04F79EFBC}") = "weather", "weather\weather.csproj", "{BAFAAAFE-EBCE-4F39-9C96-17EEA9B6F555}"
EndProject
Global
	GlobalSection(SolutionConfigurationPlatforms) = preSolution
		Debug|Any CPU = Debug|Any CPU
		Release|Any CPU = Release|Any CPU
	EndGlobalSection
	GlobalSection(ProjectConfigurationPlatforms) = postSolution
		{BAFAAAFE-EBCE-4F39-9C96-17EEA9B6F555}.Debug|Any CPU.ActiveCfg = Debug|Any CPU
		{BAFAAAFE-EBCE-4F39-9C96-17EEA9B6F555}.Debug|Any CPU.Build.0 = Debug|Any CPU
		{BAFAAAFE-EBCE-4F39-9C96-17EEA9B6F555}.Release|Any CPU.ActiveCfg = Release|Any CPU
		{BAFAAAFE-EBCE-4F39-9C96-17EEA9B6F555}.Release|Any CPU.Build.0 = Release|Any CPU
	EndGlobalSection
	GlobalSection(SolutionProperties) = preSolution
		HideSolutionNode = FALSE
	EndGlobalSection
	GlobalSection(ExtensibilityGlobals) = postSolution
		SolutionGuid = {F96C5EC3-29B8-4B8F-B9AC-543A30A93013}
	EndGlobalSection
EndGlobal
